
Microsoft Visual Studio Solution File, Format Version 12.00
# Visual Studio Version 16
VisualStudioVersion = 25.0.1700.3
MinimumVisualStudioVersion = 10.0.40219.1
Project("{FAE04EC0-301F-11D3-BF4B-00C04F79EFBC}") = "Pars", "Pars\Pars.csproj", "{C7ADD3FC-06D9-4764-8088-CC05EBE5B12E}"
EndProject
Global
	GlobalSection(SolutionConfigurationPlatforms) = preSolution
		Debug|Any CPU = Debug|Any CPU
		Release|Any CPU = Release|Any CPU
	EndGlobalSection
	GlobalSection(ProjectConfigurationPlatforms) = postSolution
		{C7ADD3FC-06D9-4764-8088-CC05EBE5B12E}.Debug|Any CPU.ActiveCfg = Debug|Any CPU
		{C7ADD3FC-06D9-4764-8088-CC05EBE5B12E}.Debug|Any CPU.Build.0 = Debug|Any CPU
		{C7ADD3FC-06D9-4764-8088-CC05EBE5B12E}.Release|Any CPU.ActiveCfg = Release|Any CPU
		{C7ADD3FC-06D9-4764-8088-CC05EBE5B12E}.Release|Any CPU.Build.0 = Release|Any CPU
	EndGlobalSection
	GlobalSection(SolutionProperties) = preSolution
		HideSolutionNode = FALSE
	EndGlobalSection
	GlobalSection(ExtensibilityGlobals) = postSolution
		SolutionGuid = {6F3DFC61-2735-485E-973C-07F3A7576815}
	EndGlobalSection
EndGlobal
